
Microsoft Visual Studio Solution File, Format Version 12.00
# Visual Studio Version 17
VisualStudioVersion = 17.14.36603.0 d17.14
MinimumVisualStudioVersion = 10.0.40219.1
Project("{8BC9CEB8-8B4A-11D0-8D11-00A0C91BC942}") = "grokaem2task2", "grokaem2task2\grokaem2task2.vcxproj", "{28466DE4-CD0C-4E2D-898F-D0267EA324B3}"
EndProject
Global
	GlobalSection(SolutionConfigurationPlatforms) = preSolution
		Debug|x64 = Debug|x64
		Debug|x86 = Debug|x86
		Release|x64 = Release|x64
		Release|x86 = Release|x86
	EndGlobalSection
	GlobalSection(ProjectConfigurationPlatforms) = postSolution
		{28466DE4-CD0C-4E2D-898F-D0267EA324B3}.Debug|x64.ActiveCfg = Debug|x64
		{28466DE4-CD0C-4E2D-898F-D0267EA324B3}.Debug|x64.Build.0 = Debug|x64
		{28466DE4-CD0C-4E2D-898F-D0267EA324B3}.Debug|x86.ActiveCfg = Debug|Win32
		{28466DE4-CD0C-4E2D-898F-D0267EA324B3}.Debug|x86.Build.0 = Debug|Win32
		{28466DE4-CD0C-4E2D-898F-D0267EA324B3}.Release|x64.ActiveCfg = Release|x64
		{28466DE4-CD0C-4E2D-898F-D0267EA324B3}.Release|x64.Build.0 = Release|x64
		{28466DE4-CD0C-4E2D-898F-D0267EA324B3}.Release|x86.ActiveCfg = Release|Win32
		{28466DE4-CD0C-4E2D-898F-D0267EA324B3}.Release|x86.Build.0 = Release|Win32
	EndGlobalSection
	GlobalSection(SolutionProperties) = preSolution
		HideSolutionNode = FALSE
	EndGlobalSection
	GlobalSection(ExtensibilityGlobals) = postSolution
		SolutionGuid = {0BD69D2E-4A00-4608-AA9E-CFD3A2E836FE}
	EndGlobalSection
EndGlobal
