
Microsoft Visual Studio Solution File, Format Version 12.00
# Visual Studio Version 17
VisualStudioVersion = 17.14.36603.0 d17.14
MinimumVisualStudioVersion = 10.0.40219.1
Project("{8BC9CEB8-8B4A-11D0-8D11-00A0C91BC942}") = "grokaem5task1", "grokaem5task1\grokaem5task1.vcxproj", "{7901074F-CA6B-4D42-A270-4F5F50457FAA}"
EndProject
Global
	GlobalSection(SolutionConfigurationPlatforms) = preSolution
		Debug|x64 = Debug|x64
		Debug|x86 = Debug|x86
		Release|x64 = Release|x64
		Release|x86 = Release|x86
	EndGlobalSection
	GlobalSection(ProjectConfigurationPlatforms) = postSolution
		{7901074F-CA6B-4D42-A270-4F5F50457FAA}.Debug|x64.ActiveCfg = Debug|x64
		{7901074F-CA6B-4D42-A270-4F5F50457FAA}.Debug|x64.Build.0 = Debug|x64
		{7901074F-CA6B-4D42-A270-4F5F50457FAA}.Debug|x86.ActiveCfg = Debug|Win32
		{7901074F-CA6B-4D42-A270-4F5F50457FAA}.Debug|x86.Build.0 = Debug|Win32
		{7901074F-CA6B-4D42-A270-4F5F50457FAA}.Release|x64.ActiveCfg = Release|x64
		{7901074F-CA6B-4D42-A270-4F5F50457FAA}.Release|x64.Build.0 = Release|x64
		{7901074F-CA6B-4D42-A270-4F5F50457FAA}.Release|x86.ActiveCfg = Release|Win32
		{7901074F-CA6B-4D42-A270-4F5F50457FAA}.Release|x86.Build.0 = Release|Win32
	EndGlobalSection
	GlobalSection(SolutionProperties) = preSolution
		HideSolutionNode = FALSE
	EndGlobalSection
	GlobalSection(ExtensibilityGlobals) = postSolution
		SolutionGuid = {CA212121-2F63-42CE-9958-19D53B4A76D9}
	EndGlobalSection
EndGlobal
