
Microsoft Visual Studio Solution File, Format Version 12.00
# Visual Studio Version 17
VisualStudioVersion = 17.12.35506.116
MinimumVisualStudioVersion = 10.0.40219.1
Project("{8BC9CEB8-8B4A-11D0-8D11-00A0C91BC942}") = "Laba2_2_1", "Laba2_2.vcxproj", "{47DFDB0F-F745-4591-85C6-E968222EE906}"
EndProject
Project("{8BC9CEB8-8B4A-11D0-8D11-00A0C91BC942}") = "Laba2_2_2", "..\Laba2_2_2\Laba2_2_2.vcxproj", "{B81D73F1-05ED-430E-B43D-5D2827754F6E}"
EndProject
Project("{8BC9CEB8-8B4A-11D0-8D11-00A0C91BC942}") = "Laba2_2_3", "..\Laba2_2_3\Laba2_2_3.vcxproj", "{9CC7346A-A393-4D22-B0DE-63E7962DA19C}"
EndProject
Project("{8BC9CEB8-8B4A-11D0-8D11-00A0C91BC942}") = "Laba2_2_4", "..\Laba2_2_4\Laba2_2_4.vcxproj", "{071B0DDA-F63D-4D42-88A8-858CCC6332DA}"
EndProject
Global
	GlobalSection(SolutionConfigurationPlatforms) = preSolution
		Debug|x64 = Debug|x64
		Debug|x86 = Debug|x86
		Release|x64 = Release|x64
		Release|x86 = Release|x86
	EndGlobalSection
	GlobalSection(ProjectConfigurationPlatforms) = postSolution
		{47DFDB0F-F745-4591-85C6-E968222EE906}.Debug|x64.ActiveCfg = Debug|x64
		{47DFDB0F-F745-4591-85C6-E968222EE906}.Debug|x64.Build.0 = Debug|x64
		{47DFDB0F-F745-4591-85C6-E968222EE906}.Debug|x86.ActiveCfg = Debug|Win32
		{47DFDB0F-F745-4591-85C6-E968222EE906}.Debug|x86.Build.0 = Debug|Win32
		{47DFDB0F-F745-4591-85C6-E968222EE906}.Release|x64.ActiveCfg = Release|x64
		{47DFDB0F-F745-4591-85C6-E968222EE906}.Release|x64.Build.0 = Release|x64
		{47DFDB0F-F745-4591-85C6-E968222EE906}.Release|x86.ActiveCfg = Release|Win32
		{47DFDB0F-F745-4591-85C6-E968222EE906}.Release|x86.Build.0 = Release|Win32
		{B81D73F1-05ED-430E-B43D-5D2827754F6E}.Debug|x64.ActiveCfg = Debug|x64
		{B81D73F1-05ED-430E-B43D-5D2827754F6E}.Debug|x64.Build.0 = Debug|x64
		{B81D73F1-05ED-430E-B43D-5D2827754F6E}.Debug|x86.ActiveCfg = Debug|Win32
		{B81D73F1-05ED-430E-B43D-5D2827754F6E}.Debug|x86.Build.0 = Debug|Win32
		{B81D73F1-05ED-430E-B43D-5D2827754F6E}.Release|x64.ActiveCfg = Release|x64
		{B81D73F1-05ED-430E-B43D-5D2827754F6E}.Release|x64.Build.0 = Release|x64
		{B81D73F1-05ED-430E-B43D-5D2827754F6E}.Release|x86.ActiveCfg = Release|Win32
		{B81D73F1-05ED-430E-B43D-5D2827754F6E}.Release|x86.Build.0 = Release|Win32
		{9CC7346A-A393-4D22-B0DE-63E7962DA19C}.Debug|x64.ActiveCfg = Debug|x64
		{9CC7346A-A393-4D22-B0DE-63E7962DA19C}.Debug|x64.Build.0 = Debug|x64
		{9CC7346A-A393-4D22-B0DE-63E7962DA19C}.Debug|x86.ActiveCfg = Debug|Win32
		{9CC7346A-A393-4D22-B0DE-63E7962DA19C}.Debug|x86.Build.0 = Debug|Win32
		{9CC7346A-A393-4D22-B0DE-63E7962DA19C}.Release|x64.ActiveCfg = Release|x64
		{9CC7346A-A393-4D22-B0DE-63E7962DA19C}.Release|x64.Build.0 = Release|x64
		{9CC7346A-A393-4D22-B0DE-63E7962DA19C}.Release|x86.ActiveCfg = Release|Win32
		{9CC7346A-A393-4D22-B0DE-63E7962DA19C}.Release|x86.Build.0 = Release|Win32
		{071B0DDA-F63D-4D42-88A8-858CCC6332DA}.Debug|x64.ActiveCfg = Debug|x64
		{071B0DDA-F63D-4D42-88A8-858CCC6332DA}.Debug|x64.Build.0 = Debug|x64
		{071B0DDA-F63D-4D42-88A8-858CCC6332DA}.Debug|x86.ActiveCfg = Debug|Win32
		{071B0DDA-F63D-4D42-88A8-858CCC6332DA}.Debug|x86.Build.0 = Debug|Win32
		{071B0DDA-F63D-4D42-88A8-858CCC6332DA}.Release|x64.ActiveCfg = Release|x64
		{071B0DDA-F63D-4D42-88A8-858CCC6332DA}.Release|x64.Build.0 = Release|x64
		{071B0DDA-F63D-4D42-88A8-858CCC6332DA}.Release|x86.ActiveCfg = Release|Win32
		{071B0DDA-F63D-4D42-88A8-858CCC6332DA}.Release|x86.Build.0 = Release|Win32
	EndGlobalSection
	GlobalSection(SolutionProperties) = preSolution
		HideSolutionNode = FALSE
	EndGlobalSection
EndGlobal
