
Microsoft Visual Studio Solution File, Format Version 12.00
# Visual Studio Version 17
VisualStudioVersion = 17.14.36429.23 d17.14
MinimumVisualStudioVersion = 10.0.40219.1
Project("{8BC9CEB8-8B4A-11D0-8D11-00A0C91BC942}") = "Lab3-2", "Lab3-2\Lab3-2.vcxproj", "{FCFE23E7-9287-4FB2-8CB9-DBCC06CBF61E}"
EndProject
Global
	GlobalSection(SolutionConfigurationPlatforms) = preSolution
		Debug|x64 = Debug|x64
		Debug|x86 = Debug|x86
		Release|x64 = Release|x64
		Release|x86 = Release|x86
	EndGlobalSection
	GlobalSection(ProjectConfigurationPlatforms) = postSolution
		{FCFE23E7-9287-4FB2-8CB9-DBCC06CBF61E}.Debug|x64.ActiveCfg = Debug|x64
		{FCFE23E7-9287-4FB2-8CB9-DBCC06CBF61E}.Debug|x64.Build.0 = Debug|x64
		{FCFE23E7-9287-4FB2-8CB9-DBCC06CBF61E}.Debug|x86.ActiveCfg = Debug|Win32
		{FCFE23E7-9287-4FB2-8CB9-DBCC06CBF61E}.Debug|x86.Build.0 = Debug|Win32
		{FCFE23E7-9287-4FB2-8CB9-DBCC06CBF61E}.Release|x64.ActiveCfg = Release|x64
		{FCFE23E7-9287-4FB2-8CB9-DBCC06CBF61E}.Release|x64.Build.0 = Release|x64
		{FCFE23E7-9287-4FB2-8CB9-DBCC06CBF61E}.Release|x86.ActiveCfg = Release|Win32
		{FCFE23E7-9287-4FB2-8CB9-DBCC06CBF61E}.Release|x86.Build.0 = Release|Win32
	EndGlobalSection
	GlobalSection(SolutionProperties) = preSolution
		HideSolutionNode = FALSE
	EndGlobalSection
	GlobalSection(ExtensibilityGlobals) = postSolution
		SolutionGuid = {C9EB2BAA-535C-4932-A39C-79CA4E2DC2EF}
	EndGlobalSection
EndGlobal
