
Microsoft Visual Studio Solution File, Format Version 12.00
# Visual Studio Version 17
VisualStudioVersion = 17.8.34511.84
MinimumVisualStudioVersion = 10.0.40219.1
Project("{8BC9CEB8-8B4A-11D0-8D11-00A0C91BC942}") = "Find width", "Find width.vcxproj", "{39ED3EC8-12FA-4739-BBBA-F4E47DE86D41}"
EndProject
Global
	GlobalSection(SolutionConfigurationPlatforms) = preSolution
		Debug|x64 = Debug|x64
		Debug|x86 = Debug|x86
		Release|x64 = Release|x64
		Release|x86 = Release|x86
	EndGlobalSection
	GlobalSection(ProjectConfigurationPlatforms) = postSolution
		{39ED3EC8-12FA-4739-BBBA-F4E47DE86D41}.Debug|x64.ActiveCfg = Debug|x64
		{39ED3EC8-12FA-4739-BBBA-F4E47DE86D41}.Debug|x64.Build.0 = Debug|x64
		{39ED3EC8-12FA-4739-BBBA-F4E47DE86D41}.Debug|x86.ActiveCfg = Debug|Win32
		{39ED3EC8-12FA-4739-BBBA-F4E47DE86D41}.Debug|x86.Build.0 = Debug|Win32
		{39ED3EC8-12FA-4739-BBBA-F4E47DE86D41}.Release|x64.ActiveCfg = Release|x64
		{39ED3EC8-12FA-4739-BBBA-F4E47DE86D41}.Release|x64.Build.0 = Release|x64
		{39ED3EC8-12FA-4739-BBBA-F4E47DE86D41}.Release|x86.ActiveCfg = Release|Win32
		{39ED3EC8-12FA-4739-BBBA-F4E47DE86D41}.Release|x86.Build.0 = Release|Win32
	EndGlobalSection
	GlobalSection(SolutionProperties) = preSolution
		HideSolutionNode = FALSE
	EndGlobalSection
	GlobalSection(ExtensibilityGlobals) = postSolution
		SolutionGuid = {EBDB0CF4-D59F-4B34-BE3C-3F58617B44F6}
	EndGlobalSection
EndGlobal
